// !$*UTF8*$!
{
	archiveVersion = 1;
	classes = {
	};
	objectVersion = 56;
	objects = {

/* Begin PBXBuildFile section */
		B112592A2C460EF00073CB4D /* RxDataSources in Frameworks */ = {isa = PBXBuildFile; productRef = B11259292C460EF00073CB4D /* RxDataSources */; };
		B112592C2C460F660073CB4D /* MainViewModel.swift in Sources */ = {isa = PBXBuildFile; fileRef = B112592B2C460F660073CB4D /* MainViewModel.swift */; };
		B112592E2C4610E80073CB4D /* MainRequest.swift in Sources */ = {isa = PBXBuildFile; fileRef = B112592D2C4610E80073CB4D /* MainRequest.swift */; };
		B11259302C4611CE0073CB4D /* MainRepository.swift in Sources */ = {isa = PBXBuildFile; fileRef = B112592F2C4611CE0073CB4D /* MainRepository.swift */; };
		B11259322C4612A90073CB4D /* WeatherList.swift in Sources */ = {isa = PBXBuildFile; fileRef = B11259312C4612A90073CB4D /* WeatherList.swift */; };
		B11259362C4654160073CB4D /* city.list.json in Resources */ = {isa = PBXBuildFile; fileRef = B11259352C4654160073CB4D /* city.list.json */; };
		B11259382C46AE8E0073CB4D /* MainTableViewCell.swift in Sources */ = {isa = PBXBuildFile; fileRef = B11259372C46AE8E0073CB4D /* MainTableViewCell.swift */; };
		B112593A2C46D2640073CB4D /* WeatherHeader.swift in Sources */ = {isa = PBXBuildFile; fileRef = B11259392C46D2640073CB4D /* WeatherHeader.swift */; };
		B112593D2C46DAD80073CB4D /* CurrentWeather.swift in Sources */ = {isa = PBXBuildFile; fileRef = B112593C2C46DAD80073CB4D /* CurrentWeather.swift */; };
		B11259412C46EC4D0073CB4D /* String+.swift in Sources */ = {isa = PBXBuildFile; fileRef = B11259402C46EC4D0073CB4D /* String+.swift */; };
		B11259442C46F4540073CB4D /* SearchViewController.swift in Sources */ = {isa = PBXBuildFile; fileRef = B11259432C46F4540073CB4D /* SearchViewController.swift */; };
		B11259462C46F4820073CB4D /* SearchViewModel.swift in Sources */ = {isa = PBXBuildFile; fileRef = B11259452C46F4820073CB4D /* SearchViewModel.swift */; };
		B11259482C46F55C0073CB4D /* UINavigationItem+.swift in Sources */ = {isa = PBXBuildFile; fileRef = B11259472C46F55C0073CB4D /* UINavigationItem+.swift */; };
		B112594A2C46FAF90073CB4D /* SearchViewTableViewCell.swift in Sources */ = {isa = PBXBuildFile; fileRef = B11259492C46FAF90073CB4D /* SearchViewTableViewCell.swift */; };
		B112594C2C4708020073CB4D /* CellConfigurable.swift in Sources */ = {isa = PBXBuildFile; fileRef = B112594B2C4708020073CB4D /* CellConfigurable.swift */; };
		B112594E2C4709CB0073CB4D /* Main.swift in Sources */ = {isa = PBXBuildFile; fileRef = B112594D2C4709CB0073CB4D /* Main.swift */; };
		B11259502C4709DB0073CB4D /* WeatherInfo.swift in Sources */ = {isa = PBXBuildFile; fileRef = B112594F2C4709DB0073CB4D /* WeatherInfo.swift */; };
		B11259522C4709E90073CB4D /* Wind.swift in Sources */ = {isa = PBXBuildFile; fileRef = B11259512C4709E90073CB4D /* Wind.swift */; };
		B11259542C4709F40073CB4D /* Sys.swift in Sources */ = {isa = PBXBuildFile; fileRef = B11259532C4709F40073CB4D /* Sys.swift */; };
		B11259562C470A040073CB4D /* Coord.swift in Sources */ = {isa = PBXBuildFile; fileRef = B11259552C470A040073CB4D /* Coord.swift */; };
		B11259582C470A130073CB4D /* Clouds.swift in Sources */ = {isa = PBXBuildFile; fileRef = B11259572C470A130073CB4D /* Clouds.swift */; };
		B112595A2C470A210073CB4D /* Rain.swift in Sources */ = {isa = PBXBuildFile; fileRef = B11259592C470A210073CB4D /* Rain.swift */; };
		B112595C2C470A240073CB4D /* Weather.swift in Sources */ = {isa = PBXBuildFile; fileRef = B112595B2C470A240073CB4D /* Weather.swift */; };
		B112595E2C470A2C0073CB4D /* City.swift in Sources */ = {isa = PBXBuildFile; fileRef = B112595D2C470A2C0073CB4D /* City.swift */; };
		B1C755C02C44B6DA00A41EFC /* AppDelegate.swift in Sources */ = {isa = PBXBuildFile; fileRef = B1C755BF2C44B6DA00A41EFC /* AppDelegate.swift */; };
		B1C755C22C44B6DA00A41EFC /* SceneDelegate.swift in Sources */ = {isa = PBXBuildFile; fileRef = B1C755C12C44B6DA00A41EFC /* SceneDelegate.swift */; };
		B1C755C92C44B6DB00A41EFC /* Assets.xcassets in Resources */ = {isa = PBXBuildFile; fileRef = B1C755C82C44B6DB00A41EFC /* Assets.xcassets */; };
		B1C755CC2C44B6DB00A41EFC /* Base in Resources */ = {isa = PBXBuildFile; fileRef = B1C755CB2C44B6DB00A41EFC /* Base */; };
		B1C755D72C44B6DB00A41EFC /* WeatherAppTests.swift in Sources */ = {isa = PBXBuildFile; fileRef = B1C755D62C44B6DB00A41EFC /* WeatherAppTests.swift */; };
		B1C755E12C44B6DB00A41EFC /* WeatherAppUITests.swift in Sources */ = {isa = PBXBuildFile; fileRef = B1C755E02C44B6DB00A41EFC /* WeatherAppUITests.swift */; };
		B1C755E32C44B6DB00A41EFC /* WeatherAppUITestsLaunchTests.swift in Sources */ = {isa = PBXBuildFile; fileRef = B1C755E22C44B6DB00A41EFC /* WeatherAppUITestsLaunchTests.swift */; };
		B1C755FA2C44B7BE00A41EFC /* Alamofire in Frameworks */ = {isa = PBXBuildFile; productRef = B1C755F92C44B7BE00A41EFC /* Alamofire */; };
		B1C755FD2C44B7DD00A41EFC /* SnapKit in Frameworks */ = {isa = PBXBuildFile; productRef = B1C755FC2C44B7DD00A41EFC /* SnapKit */; };
		B1C756002C44B92200A41EFC /* BaseViewController.swift in Sources */ = {isa = PBXBuildFile; fileRef = B1C755FF2C44B92200A41EFC /* BaseViewController.swift */; };
		B1C756022C44BAB400A41EFC /* Documentation.docc in Sources */ = {isa = PBXBuildFile; fileRef = B1C756012C44BAB400A41EFC /* Documentation.docc */; };
		B1C756052C44BB4100A41EFC /* RxCocoa in Frameworks */ = {isa = PBXBuildFile; productRef = B1C756042C44BB4100A41EFC /* RxCocoa */; };
		B1C756072C44BB4100A41EFC /* RxRelay in Frameworks */ = {isa = PBXBuildFile; productRef = B1C756062C44BB4100A41EFC /* RxRelay */; };
		B1C756092C44BB4100A41EFC /* RxSwift in Frameworks */ = {isa = PBXBuildFile; productRef = B1C756082C44BB4100A41EFC /* RxSwift */; };
		B1C7560E2C44BD7D00A41EFC /* APIService.swift in Sources */ = {isa = PBXBuildFile; fileRef = B1C7560D2C44BD7D00A41EFC /* APIService.swift */; };
		B1C756112C44BEF900A41EFC /* MainViewController.swift in Sources */ = {isa = PBXBuildFile; fileRef = B1C756102C44BEF900A41EFC /* MainViewController.swift */; };
		B1C756132C44BF4F00A41EFC /* Log.swift in Sources */ = {isa = PBXBuildFile; fileRef = B1C756122C44BF4F00A41EFC /* Log.swift */; };
		B1C756152C44C19100A41EFC /* ViewModelType.swift in Sources */ = {isa = PBXBuildFile; fileRef = B1C756142C44C19100A41EFC /* ViewModelType.swift */; };
		B1C756172C44F9C400A41EFC /* Constant.swift in Sources */ = {isa = PBXBuildFile; fileRef = B1C756162C44F9C400A41EFC /* Constant.swift */; };
		B1C7561A2C454BB300A41EFC /* .gitignore in Resources */ = {isa = PBXBuildFile; fileRef = B1C756192C454BB300A41EFC /* .gitignore */; };
		B1C7561C2C454C6A00A41EFC /* HTTPMethod.swift in Sources */ = {isa = PBXBuildFile; fileRef = B1C7561B2C454C6A00A41EFC /* HTTPMethod.swift */; };
		B1C7561E2C454DF300A41EFC /* BaseRequestable.swift in Sources */ = {isa = PBXBuildFile; fileRef = B1C7561D2C454DF300A41EFC /* BaseRequestable.swift */; };
		B1C756202C45596A00A41EFC /* APIError.swift in Sources */ = {isa = PBXBuildFile; fileRef = B1C7561F2C45596A00A41EFC /* APIError.swift */; };
		B1C756222C455F0200A41EFC /* APILogger.swift in Sources */ = {isa = PBXBuildFile; fileRef = B1C756212C455F0200A41EFC /* APILogger.swift */; };
/* End PBXBuildFile section */

/* Begin PBXContainerItemProxy section */
		B1C755D32C44B6DB00A41EFC /* PBXContainerItemProxy */ = {
			isa = PBXContainerItemProxy;
			containerPortal = B1C755B42C44B6DA00A41EFC /* Project object */;
			proxyType = 1;
			remoteGlobalIDString = B1C755BB2C44B6DA00A41EFC;
			remoteInfo = WeatherApp;
		};
		B1C755DD2C44B6DB00A41EFC /* PBXContainerItemProxy */ = {
			isa = PBXContainerItemProxy;
			containerPortal = B1C755B42C44B6DA00A41EFC /* Project object */;
			proxyType = 1;
			remoteGlobalIDString = B1C755BB2C44B6DA00A41EFC;
			remoteInfo = WeatherApp;
		};
/* End PBXContainerItemProxy section */

/* Begin PBXFileReference section */
		B112592B2C460F660073CB4D /* MainViewModel.swift */ = {isa = PBXFileReference; lastKnownFileType = sourcecode.swift; path = MainViewModel.swift; sourceTree = "<group>"; };
		B112592D2C4610E80073CB4D /* MainRequest.swift */ = {isa = PBXFileReference; lastKnownFileType = sourcecode.swift; path = MainRequest.swift; sourceTree = "<group>"; };
		B112592F2C4611CE0073CB4D /* MainRepository.swift */ = {isa = PBXFileReference; lastKnownFileType = sourcecode.swift; path = MainRepository.swift; sourceTree = "<group>"; };
		B11259312C4612A90073CB4D /* WeatherList.swift */ = {isa = PBXFileReference; lastKnownFileType = sourcecode.swift; path = WeatherList.swift; sourceTree = "<group>"; };
		B11259352C4654160073CB4D /* city.list.json */ = {isa = PBXFileReference; fileEncoding = 4; lastKnownFileType = text.json; path = city.list.json; sourceTree = "<group>"; };
		B11259372C46AE8E0073CB4D /* MainTableViewCell.swift */ = {isa = PBXFileReference; lastKnownFileType = sourcecode.swift; path = MainTableViewCell.swift; sourceTree = "<group>"; };
		B11259392C46D2640073CB4D /* WeatherHeader.swift */ = {isa = PBXFileReference; lastKnownFileType = sourcecode.swift; path = WeatherHeader.swift; sourceTree = "<group>"; };
		B112593C2C46DAD80073CB4D /* CurrentWeather.swift */ = {isa = PBXFileReference; lastKnownFileType = sourcecode.swift; path = CurrentWeather.swift; sourceTree = "<group>"; };
		B11259402C46EC4D0073CB4D /* String+.swift */ = {isa = PBXFileReference; lastKnownFileType = sourcecode.swift; path = "String+.swift"; sourceTree = "<group>"; };
		B11259432C46F4540073CB4D /* SearchViewController.swift */ = {isa = PBXFileReference; lastKnownFileType = sourcecode.swift; path = SearchViewController.swift; sourceTree = "<group>"; };
		B11259452C46F4820073CB4D /* SearchViewModel.swift */ = {isa = PBXFileReference; lastKnownFileType = sourcecode.swift; path = SearchViewModel.swift; sourceTree = "<group>"; };
		B11259472C46F55C0073CB4D /* UINavigationItem+.swift */ = {isa = PBXFileReference; lastKnownFileType = sourcecode.swift; path = "UINavigationItem+.swift"; sourceTree = "<group>"; };
		B11259492C46FAF90073CB4D /* SearchViewTableViewCell.swift */ = {isa = PBXFileReference; lastKnownFileType = sourcecode.swift; path = SearchViewTableViewCell.swift; sourceTree = "<group>"; };
		B112594B2C4708020073CB4D /* CellConfigurable.swift */ = {isa = PBXFileReference; lastKnownFileType = sourcecode.swift; path = CellConfigurable.swift; sourceTree = "<group>"; };
		B112594D2C4709CB0073CB4D /* Main.swift */ = {isa = PBXFileReference; lastKnownFileType = sourcecode.swift; path = Main.swift; sourceTree = "<group>"; };
		B112594F2C4709DB0073CB4D /* WeatherInfo.swift */ = {isa = PBXFileReference; lastKnownFileType = sourcecode.swift; path = WeatherInfo.swift; sourceTree = "<group>"; };
		B11259512C4709E90073CB4D /* Wind.swift */ = {isa = PBXFileReference; lastKnownFileType = sourcecode.swift; path = Wind.swift; sourceTree = "<group>"; };
		B11259532C4709F40073CB4D /* Sys.swift */ = {isa = PBXFileReference; lastKnownFileType = sourcecode.swift; path = Sys.swift; sourceTree = "<group>"; };
		B11259552C470A040073CB4D /* Coord.swift */ = {isa = PBXFileReference; lastKnownFileType = sourcecode.swift; path = Coord.swift; sourceTree = "<group>"; };
		B11259572C470A130073CB4D /* Clouds.swift */ = {isa = PBXFileReference; lastKnownFileType = sourcecode.swift; path = Clouds.swift; sourceTree = "<group>"; };
		B11259592C470A210073CB4D /* Rain.swift */ = {isa = PBXFileReference; lastKnownFileType = sourcecode.swift; path = Rain.swift; sourceTree = "<group>"; };
		B112595B2C470A240073CB4D /* Weather.swift */ = {isa = PBXFileReference; lastKnownFileType = sourcecode.swift; path = Weather.swift; sourceTree = "<group>"; };
		B112595D2C470A2C0073CB4D /* City.swift */ = {isa = PBXFileReference; lastKnownFileType = sourcecode.swift; path = City.swift; sourceTree = "<group>"; };
		B1C755BC2C44B6DA00A41EFC /* WeatherApp.app */ = {isa = PBXFileReference; explicitFileType = wrapper.application; includeInIndex = 0; path = WeatherApp.app; sourceTree = BUILT_PRODUCTS_DIR; };
		B1C755BF2C44B6DA00A41EFC /* AppDelegate.swift */ = {isa = PBXFileReference; lastKnownFileType = sourcecode.swift; path = AppDelegate.swift; sourceTree = "<group>"; };
		B1C755C12C44B6DA00A41EFC /* SceneDelegate.swift */ = {isa = PBXFileReference; lastKnownFileType = sourcecode.swift; path = SceneDelegate.swift; sourceTree = "<group>"; };
		B1C755C82C44B6DB00A41EFC /* Assets.xcassets */ = {isa = PBXFileReference; lastKnownFileType = folder.assetcatalog; path = Assets.xcassets; sourceTree = "<group>"; };
		B1C755CB2C44B6DB00A41EFC /* Base */ = {isa = PBXFileReference; lastKnownFileType = file.storyboard; name = Base; path = Base.lproj/LaunchScreen.storyboard; sourceTree = "<group>"; };
		B1C755CD2C44B6DB00A41EFC /* Info.plist */ = {isa = PBXFileReference; lastKnownFileType = text.plist.xml; path = Info.plist; sourceTree = "<group>"; };
		B1C755D22C44B6DB00A41EFC /* WeatherAppTests.xctest */ = {isa = PBXFileReference; explicitFileType = wrapper.cfbundle; includeInIndex = 0; path = WeatherAppTests.xctest; sourceTree = BUILT_PRODUCTS_DIR; };
		B1C755D62C44B6DB00A41EFC /* WeatherAppTests.swift */ = {isa = PBXFileReference; lastKnownFileType = sourcecode.swift; path = WeatherAppTests.swift; sourceTree = "<group>"; };
		B1C755DC2C44B6DB00A41EFC /* WeatherAppUITests.xctest */ = {isa = PBXFileReference; explicitFileType = wrapper.cfbundle; includeInIndex = 0; path = WeatherAppUITests.xctest; sourceTree = BUILT_PRODUCTS_DIR; };
		B1C755E02C44B6DB00A41EFC /* WeatherAppUITests.swift */ = {isa = PBXFileReference; lastKnownFileType = sourcecode.swift; path = WeatherAppUITests.swift; sourceTree = "<group>"; };
		B1C755E22C44B6DB00A41EFC /* WeatherAppUITestsLaunchTests.swift */ = {isa = PBXFileReference; lastKnownFileType = sourcecode.swift; path = WeatherAppUITestsLaunchTests.swift; sourceTree = "<group>"; };
		B1C755FF2C44B92200A41EFC /* BaseViewController.swift */ = {isa = PBXFileReference; lastKnownFileType = sourcecode.swift; path = BaseViewController.swift; sourceTree = "<group>"; };
		B1C756012C44BAB400A41EFC /* Documentation.docc */ = {isa = PBXFileReference; lastKnownFileType = folder.documentationcatalog; path = Documentation.docc; sourceTree = "<group>"; };
		B1C7560D2C44BD7D00A41EFC /* APIService.swift */ = {isa = PBXFileReference; lastKnownFileType = sourcecode.swift; path = APIService.swift; sourceTree = "<group>"; };
		B1C756102C44BEF900A41EFC /* MainViewController.swift */ = {isa = PBXFileReference; lastKnownFileType = sourcecode.swift; path = MainViewController.swift; sourceTree = "<group>"; };
		B1C756122C44BF4F00A41EFC /* Log.swift */ = {isa = PBXFileReference; lastKnownFileType = sourcecode.swift; path = Log.swift; sourceTree = "<group>"; };
		B1C756142C44C19100A41EFC /* ViewModelType.swift */ = {isa = PBXFileReference; lastKnownFileType = sourcecode.swift; path = ViewModelType.swift; sourceTree = "<group>"; };
		B1C756162C44F9C400A41EFC /* Constant.swift */ = {isa = PBXFileReference; lastKnownFileType = sourcecode.swift; path = Constant.swift; sourceTree = "<group>"; };
		B1C756192C454BB300A41EFC /* .gitignore */ = {isa = PBXFileReference; lastKnownFileType = text; path = .gitignore; sourceTree = "<group>"; };
		B1C7561B2C454C6A00A41EFC /* HTTPMethod.swift */ = {isa = PBXFileReference; lastKnownFileType = sourcecode.swift; path = HTTPMethod.swift; sourceTree = "<group>"; };
		B1C7561D2C454DF300A41EFC /* BaseRequestable.swift */ = {isa = PBXFileReference; lastKnownFileType = sourcecode.swift; path = BaseRequestable.swift; sourceTree = "<group>"; };
		B1C7561F2C45596A00A41EFC /* APIError.swift */ = {isa = PBXFileReference; lastKnownFileType = sourcecode.swift; path = APIError.swift; sourceTree = "<group>"; };
		B1C756212C455F0200A41EFC /* APILogger.swift */ = {isa = PBXFileReference; lastKnownFileType = sourcecode.swift; path = APILogger.swift; sourceTree = "<group>"; };
/* End PBXFileReference section */

/* Begin PBXFrameworksBuildPhase section */
		B1C755B92C44B6DA00A41EFC /* Frameworks */ = {
			isa = PBXFrameworksBuildPhase;
			buildActionMask = 2147483647;
			files = (
				B1C756052C44BB4100A41EFC /* RxCocoa in Frameworks */,
				B1C755FA2C44B7BE00A41EFC /* Alamofire in Frameworks */,
				B1C756092C44BB4100A41EFC /* RxSwift in Frameworks */,
				B112592A2C460EF00073CB4D /* RxDataSources in Frameworks */,
				B1C756072C44BB4100A41EFC /* RxRelay in Frameworks */,
				B1C755FD2C44B7DD00A41EFC /* SnapKit in Frameworks */,
			);
			runOnlyForDeploymentPostprocessing = 0;
		};
		B1C755CF2C44B6DB00A41EFC /* Frameworks */ = {
			isa = PBXFrameworksBuildPhase;
			buildActionMask = 2147483647;
			files = (
			);
			runOnlyForDeploymentPostprocessing = 0;
		};
		B1C755D92C44B6DB00A41EFC /* Frameworks */ = {
			isa = PBXFrameworksBuildPhase;
			buildActionMask = 2147483647;
			files = (
			);
			runOnlyForDeploymentPostprocessing = 0;
		};
/* End PBXFrameworksBuildPhase section */

/* Begin PBXGroup section */
		B112593B2C46D5E00073CB4D /* Entity */ = {
			isa = PBXGroup;
			children = (
				B112595D2C470A2C0073CB4D /* City.swift */,
				B11259572C470A130073CB4D /* Clouds.swift */,
				B11259552C470A040073CB4D /* Coord.swift */,
				B112593C2C46DAD80073CB4D /* CurrentWeather.swift */,
				B112594D2C4709CB0073CB4D /* Main.swift */,
				B11259592C470A210073CB4D /* Rain.swift */,
				B11259532C4709F40073CB4D /* Sys.swift */,
				B112595B2C470A240073CB4D /* Weather.swift */,
				B112594F2C4709DB0073CB4D /* WeatherInfo.swift */,
				B11259312C4612A90073CB4D /* WeatherList.swift */,
				B11259512C4709E90073CB4D /* Wind.swift */,
			);
			path = Entity;
			sourceTree = "<group>";
		};
		B11259422C46F4400073CB4D /* Search */ = {
			isa = PBXGroup;
			children = (
				B11259432C46F4540073CB4D /* SearchViewController.swift */,
				B11259452C46F4820073CB4D /* SearchViewModel.swift */,
				B11259492C46FAF90073CB4D /* SearchViewTableViewCell.swift */,
			);
			path = Search;
			sourceTree = "<group>";
		};
		B1C755B32C44B6DA00A41EFC = {
			isa = PBXGroup;
			children = (
				B1C755BE2C44B6DA00A41EFC /* WeatherApp */,
				B1C755D52C44B6DB00A41EFC /* WeatherAppTests */,
				B1C755DF2C44B6DB00A41EFC /* WeatherAppUITests */,
				B1C755BD2C44B6DA00A41EFC /* Products */,
			);
			sourceTree = "<group>";
		};
		B1C755BD2C44B6DA00A41EFC /* Products */ = {
			isa = PBXGroup;
			children = (
				B1C755BC2C44B6DA00A41EFC /* WeatherApp.app */,
				B1C755D22C44B6DB00A41EFC /* WeatherAppTests.xctest */,
				B1C755DC2C44B6DB00A41EFC /* WeatherAppUITests.xctest */,
			);
			name = Products;
			sourceTree = "<group>";
		};
		B1C755BE2C44B6DA00A41EFC /* WeatherApp */ = {
			isa = PBXGroup;
			children = (
				B1C755EF2C44B6E500A41EFC /* App */,
				B1C7560A2C44BBA100A41EFC /* Common */,
				B1C755FE2C44B7E600A41EFC /* Feature */,
				B1C7560C2C44BD6700A41EFC /* Service */,
				B1C755F02C44B6F600A41EFC /* Support */,
			);
			path = WeatherApp;
			sourceTree = "<group>";
		};
		B1C755D52C44B6DB00A41EFC /* WeatherAppTests */ = {
			isa = PBXGroup;
			children = (
				B1C755D62C44B6DB00A41EFC /* WeatherAppTests.swift */,
			);
			path = WeatherAppTests;
			sourceTree = "<group>";
		};
		B1C755DF2C44B6DB00A41EFC /* WeatherAppUITests */ = {
			isa = PBXGroup;
			children = (
				B1C755E02C44B6DB00A41EFC /* WeatherAppUITests.swift */,
				B1C755E22C44B6DB00A41EFC /* WeatherAppUITestsLaunchTests.swift */,
			);
			path = WeatherAppUITests;
			sourceTree = "<group>";
		};
		B1C755EF2C44B6E500A41EFC /* App */ = {
			isa = PBXGroup;
			children = (
				B1C755BF2C44B6DA00A41EFC /* AppDelegate.swift */,
				B1C755C12C44B6DA00A41EFC /* SceneDelegate.swift */,
			);
			path = App;
			sourceTree = "<group>";
		};
		B1C755F02C44B6F600A41EFC /* Support */ = {
			isa = PBXGroup;
			children = (
				B1C756192C454BB300A41EFC /* .gitignore */,
				B1C756012C44BAB400A41EFC /* Documentation.docc */,
				B11259352C4654160073CB4D /* city.list.json */,
				B1C755CD2C44B6DB00A41EFC /* Info.plist */,
				B1C755C82C44B6DB00A41EFC /* Assets.xcassets */,
				B1C755CA2C44B6DB00A41EFC /* LaunchScreen.storyboard */,
			);
			path = Support;
			sourceTree = "<group>";
		};
		B1C755FE2C44B7E600A41EFC /* Feature */ = {
			isa = PBXGroup;
			children = (
				B11259422C46F4400073CB4D /* Search */,
				B1C7560F2C44BEE600A41EFC /* Main */,
			);
			path = Feature;
			sourceTree = "<group>";
		};
		B1C7560A2C44BBA100A41EFC /* Common */ = {
			isa = PBXGroup;
			children = (
				B112594B2C4708020073CB4D /* CellConfigurable.swift */,
				B1C756162C44F9C400A41EFC /* Constant.swift */,
				B1C756122C44BF4F00A41EFC /* Log.swift */,
				B11259402C46EC4D0073CB4D /* String+.swift */,
				B11259472C46F55C0073CB4D /* UINavigationItem+.swift */,
				B1C756142C44C19100A41EFC /* ViewModelType.swift */,
				B1C7560B2C44BC2300A41EFC /* Base */,
			);
			path = Common;
			sourceTree = "<group>";
		};
		B1C7560B2C44BC2300A41EFC /* Base */ = {
			isa = PBXGroup;
			children = (
				B1C755FF2C44B92200A41EFC /* BaseViewController.swift */,
			);
			path = Base;
			sourceTree = "<group>";
		};
		B1C7560C2C44BD6700A41EFC /* Service */ = {
			isa = PBXGroup;
			children = (
				B1C7561F2C45596A00A41EFC /* APIError.swift */,
				B1C756212C455F0200A41EFC /* APILogger.swift */,
				B1C7560D2C44BD7D00A41EFC /* APIService.swift */,
				B1C7561D2C454DF300A41EFC /* BaseRequestable.swift */,
				B1C7561B2C454C6A00A41EFC /* HTTPMethod.swift */,
				B112593B2C46D5E00073CB4D /* Entity */,
				B1C756182C4543C200A41EFC /* Usecase */,
			);
			path = Service;
			sourceTree = "<group>";
		};
		B1C7560F2C44BEE600A41EFC /* Main */ = {
			isa = PBXGroup;
			children = (
				B11259372C46AE8E0073CB4D /* MainTableViewCell.swift */,
				B1C756102C44BEF900A41EFC /* MainViewController.swift */,
				B112592B2C460F660073CB4D /* MainViewModel.swift */,
				B11259392C46D2640073CB4D /* WeatherHeader.swift */,
			);
			path = Main;
			sourceTree = "<group>";
		};
		B1C756182C4543C200A41EFC /* Usecase */ = {
			isa = PBXGroup;
			children = (
				B112592D2C4610E80073CB4D /* MainRequest.swift */,
				B112592F2C4611CE0073CB4D /* MainRepository.swift */,
			);
			path = Usecase;
			sourceTree = "<group>";
		};
/* End PBXGroup section */

/* Begin PBXNativeTarget section */
		B1C755BB2C44B6DA00A41EFC /* WeatherApp */ = {
			isa = PBXNativeTarget;
			buildConfigurationList = B1C755E62C44B6DB00A41EFC /* Build configuration list for PBXNativeTarget "WeatherApp" */;
			buildPhases = (
				B1C755B82C44B6DA00A41EFC /* Sources */,
				B1C755B92C44B6DA00A41EFC /* Frameworks */,
				B1C755BA2C44B6DA00A41EFC /* Resources */,
			);
			buildRules = (
			);
			dependencies = (
			);
			name = WeatherApp;
			packageProductDependencies = (
				B1C755F92C44B7BE00A41EFC /* Alamofire */,
				B1C755FC2C44B7DD00A41EFC /* SnapKit */,
				B1C756042C44BB4100A41EFC /* RxCocoa */,
				B1C756062C44BB4100A41EFC /* RxRelay */,
				B1C756082C44BB4100A41EFC /* RxSwift */,
				B11259292C460EF00073CB4D /* RxDataSources */,
			);
			productName = WeatherApp;
			productReference = B1C755BC2C44B6DA00A41EFC /* WeatherApp.app */;
			productType = "com.apple.product-type.application";
		};
		B1C755D12C44B6DB00A41EFC /* WeatherAppTests */ = {
			isa = PBXNativeTarget;
			buildConfigurationList = B1C755E92C44B6DB00A41EFC /* Build configuration list for PBXNativeTarget "WeatherAppTests" */;
			buildPhases = (
				B1C755CE2C44B6DB00A41EFC /* Sources */,
				B1C755CF2C44B6DB00A41EFC /* Frameworks */,
				B1C755D02C44B6DB00A41EFC /* Resources */,
			);
			buildRules = (
			);
			dependencies = (
				B1C755D42C44B6DB00A41EFC /* PBXTargetDependency */,
			);
			name = WeatherAppTests;
			productName = WeatherAppTests;
			productReference = B1C755D22C44B6DB00A41EFC /* WeatherAppTests.xctest */;
			productType = "com.apple.product-type.bundle.unit-test";
		};
		B1C755DB2C44B6DB00A41EFC /* WeatherAppUITests */ = {
			isa = PBXNativeTarget;
			buildConfigurationList = B1C755EC2C44B6DB00A41EFC /* Build configuration list for PBXNativeTarget "WeatherAppUITests" */;
			buildPhases = (
				B1C755D82C44B6DB00A41EFC /* Sources */,
				B1C755D92C44B6DB00A41EFC /* Frameworks */,
				B1C755DA2C44B6DB00A41EFC /* Resources */,
			);
			buildRules = (
			);
			dependencies = (
				B1C755DE2C44B6DB00A41EFC /* PBXTargetDependency */,
			);
			name = WeatherAppUITests;
			productName = WeatherAppUITests;
			productReference = B1C755DC2C44B6DB00A41EFC /* WeatherAppUITests.xctest */;
			productType = "com.apple.product-type.bundle.ui-testing";
		};
/* End PBXNativeTarget section */

/* Begin PBXProject section */
		B1C755B42C44B6DA00A41EFC /* Project object */ = {
			isa = PBXProject;
			attributes = {
				BuildIndependentTargetsInParallel = 1;
				LastSwiftUpdateCheck = 1540;
				LastUpgradeCheck = 1540;
				TargetAttributes = {
					B1C755BB2C44B6DA00A41EFC = {
						CreatedOnToolsVersion = 15.4;
					};
					B1C755D12C44B6DB00A41EFC = {
						CreatedOnToolsVersion = 15.4;
						TestTargetID = B1C755BB2C44B6DA00A41EFC;
					};
					B1C755DB2C44B6DB00A41EFC = {
						CreatedOnToolsVersion = 15.4;
						TestTargetID = B1C755BB2C44B6DA00A41EFC;
					};
				};
			};
			buildConfigurationList = B1C755B72C44B6DA00A41EFC /* Build configuration list for PBXProject "WeatherApp" */;
			compatibilityVersion = "Xcode 14.0";
			developmentRegion = en;
			hasScannedForEncodings = 0;
			knownRegions = (
				en,
				Base,
			);
			mainGroup = B1C755B32C44B6DA00A41EFC;
			packageReferences = (
				B1C755F82C44B7BE00A41EFC /* XCRemoteSwiftPackageReference "Alamofire" */,
				B1C755FB2C44B7DD00A41EFC /* XCRemoteSwiftPackageReference "SnapKit" */,
				B1C756032C44BB4100A41EFC /* XCRemoteSwiftPackageReference "RxSwift" */,
				B11259282C460EF00073CB4D /* XCRemoteSwiftPackageReference "RxDataSources" */,
			);
			productRefGroup = B1C755BD2C44B6DA00A41EFC /* Products */;
			projectDirPath = "";
			projectRoot = "";
			targets = (
				B1C755BB2C44B6DA00A41EFC /* WeatherApp */,
				B1C755D12C44B6DB00A41EFC /* WeatherAppTests */,
				B1C755DB2C44B6DB00A41EFC /* WeatherAppUITests */,
			);
		};
/* End PBXProject section */

/* Begin PBXResourcesBuildPhase section */
		B1C755BA2C44B6DA00A41EFC /* Resources */ = {
			isa = PBXResourcesBuildPhase;
			buildActionMask = 2147483647;
			files = (
				B1C755C92C44B6DB00A41EFC /* Assets.xcassets in Resources */,
				B11259362C4654160073CB4D /* city.list.json in Resources */,
				B1C7561A2C454BB300A41EFC /* .gitignore in Resources */,
				B1C755CC2C44B6DB00A41EFC /* Base in Resources */,
			);
			runOnlyForDeploymentPostprocessing = 0;
		};
		B1C755D02C44B6DB00A41EFC /* Resources */ = {
			isa = PBXResourcesBuildPhase;
			buildActionMask = 2147483647;
			files = (
			);
			runOnlyForDeploymentPostprocessing = 0;
		};
		B1C755DA2C44B6DB00A41EFC /* Resources */ = {
			isa = PBXResourcesBuildPhase;
			buildActionMask = 2147483647;
			files = (
			);
			runOnlyForDeploymentPostprocessing = 0;
		};
/* End PBXResourcesBuildPhase section */

/* Begin PBXSourcesBuildPhase section */
		B1C755B82C44B6DA00A41EFC /* Sources */ = {
			isa = PBXSourcesBuildPhase;
			buildActionMask = 2147483647;
			files = (
				B11259502C4709DB0073CB4D /* WeatherInfo.swift in Sources */,
				B112594A2C46FAF90073CB4D /* SearchViewTableViewCell.swift in Sources */,
				B11259322C4612A90073CB4D /* WeatherList.swift in Sources */,
				B112593A2C46D2640073CB4D /* WeatherHeader.swift in Sources */,
				B1C755C02C44B6DA00A41EFC /* AppDelegate.swift in Sources */,
				B11259542C4709F40073CB4D /* Sys.swift in Sources */,
				B112595E2C470A2C0073CB4D /* City.swift in Sources */,
				B112595A2C470A210073CB4D /* Rain.swift in Sources */,
				B1C756132C44BF4F00A41EFC /* Log.swift in Sources */,
				B1C756172C44F9C400A41EFC /* Constant.swift in Sources */,
				B1C7560E2C44BD7D00A41EFC /* APIService.swift in Sources */,
				B112593D2C46DAD80073CB4D /* CurrentWeather.swift in Sources */,
				B11259302C4611CE0073CB4D /* MainRepository.swift in Sources */,
				B112594E2C4709CB0073CB4D /* Main.swift in Sources */,
				B1C756222C455F0200A41EFC /* APILogger.swift in Sources */,
				B11259562C470A040073CB4D /* Coord.swift in Sources */,
				B1C755C22C44B6DA00A41EFC /* SceneDelegate.swift in Sources */,
				B1C756152C44C19100A41EFC /* ViewModelType.swift in Sources */,
				B11259482C46F55C0073CB4D /* UINavigationItem+.swift in Sources */,
				B112595C2C470A240073CB4D /* Weather.swift in Sources */,
				B11259582C470A130073CB4D /* Clouds.swift in Sources */,
				B112592C2C460F660073CB4D /* MainViewModel.swift in Sources */,
				B11259522C4709E90073CB4D /* Wind.swift in Sources */,
				B11259442C46F4540073CB4D /* SearchViewController.swift in Sources */,
				B11259382C46AE8E0073CB4D /* MainTableViewCell.swift in Sources */,
				B112592E2C4610E80073CB4D /* MainRequest.swift in Sources */,
				B1C7561E2C454DF300A41EFC /* BaseRequestable.swift in Sources */,
				B1C756112C44BEF900A41EFC /* MainViewController.swift in Sources */,
				B11259462C46F4820073CB4D /* SearchViewModel.swift in Sources */,
				B1C756202C45596A00A41EFC /* APIError.swift in Sources */,
				B112594C2C4708020073CB4D /* CellConfigurable.swift in Sources */,
				B11259412C46EC4D0073CB4D /* String+.swift in Sources */,
				B1C756002C44B92200A41EFC /* BaseViewController.swift in Sources */,
				B1C7561C2C454C6A00A41EFC /* HTTPMethod.swift in Sources */,
				B1C756022C44BAB400A41EFC /* Documentation.docc in Sources */,
			);
			runOnlyForDeploymentPostprocessing = 0;
		};
		B1C755CE2C44B6DB00A41EFC /* Sources */ = {
			isa = PBXSourcesBuildPhase;
			buildActionMask = 2147483647;
			files = (
				B1C755D72C44B6DB00A41EFC /* WeatherAppTests.swift in Sources */,
			);
			runOnlyForDeploymentPostprocessing = 0;
		};
		B1C755D82C44B6DB00A41EFC /* Sources */ = {
			isa = PBXSourcesBuildPhase;
			buildActionMask = 2147483647;
			files = (
				B1C755E12C44B6DB00A41EFC /* WeatherAppUITests.swift in Sources */,
				B1C755E32C44B6DB00A41EFC /* WeatherAppUITestsLaunchTests.swift in Sources */,
			);
			runOnlyForDeploymentPostprocessing = 0;
		};
/* End PBXSourcesBuildPhase section */

/* Begin PBXTargetDependency section */
		B1C755D42C44B6DB00A41EFC /* PBXTargetDependency */ = {
			isa = PBXTargetDependency;
			target = B1C755BB2C44B6DA00A41EFC /* WeatherApp */;
			targetProxy = B1C755D32C44B6DB00A41EFC /* PBXContainerItemProxy */;
		};
		B1C755DE2C44B6DB00A41EFC /* PBXTargetDependency */ = {
			isa = PBXTargetDependency;
			target = B1C755BB2C44B6DA00A41EFC /* WeatherApp */;
			targetProxy = B1C755DD2C44B6DB00A41EFC /* PBXContainerItemProxy */;
		};
/* End PBXTargetDependency section */

/* Begin PBXVariantGroup section */
		B1C755CA2C44B6DB00A41EFC /* LaunchScreen.storyboard */ = {
			isa = PBXVariantGroup;
			children = (
				B1C755CB2C44B6DB00A41EFC /* Base */,
			);
			name = LaunchScreen.storyboard;
			sourceTree = "<group>";
		};
/* End PBXVariantGroup section */

/* Begin XCBuildConfiguration section */
		B1C755E42C44B6DB00A41EFC /* Debug */ = {
			isa = XCBuildConfiguration;
			buildSettings = {
				ALWAYS_SEARCH_USER_PATHS = NO;
				ASSETCATALOG_COMPILER_GENERATE_SWIFT_ASSET_SYMBOL_EXTENSIONS = YES;
				CLANG_ANALYZER_NONNULL = YES;
				CLANG_ANALYZER_NUMBER_OBJECT_CONVERSION = YES_AGGRESSIVE;
				CLANG_CXX_LANGUAGE_STANDARD = "gnu++20";
				CLANG_ENABLE_MODULES = YES;
				CLANG_ENABLE_OBJC_ARC = YES;
				CLANG_ENABLE_OBJC_WEAK = YES;
				CLANG_WARN_BLOCK_CAPTURE_AUTORELEASING = YES;
				CLANG_WARN_BOOL_CONVERSION = YES;
				CLANG_WARN_COMMA = YES;
				CLANG_WARN_CONSTANT_CONVERSION = YES;
				CLANG_WARN_DEPRECATED_OBJC_IMPLEMENTATIONS = YES;
				CLANG_WARN_DIRECT_OBJC_ISA_USAGE = YES_ERROR;
				CLANG_WARN_DOCUMENTATION_COMMENTS = YES;
				CLANG_WARN_EMPTY_BODY = YES;
				CLANG_WARN_ENUM_CONVERSION = YES;
				CLANG_WARN_INFINITE_RECURSION = YES;
				CLANG_WARN_INT_CONVERSION = YES;
				CLANG_WARN_NON_LITERAL_NULL_CONVERSION = YES;
				CLANG_WARN_OBJC_IMPLICIT_RETAIN_SELF = YES;
				CLANG_WARN_OBJC_LITERAL_CONVERSION = YES;
				CLANG_WARN_OBJC_ROOT_CLASS = YES_ERROR;
				CLANG_WARN_QUOTED_INCLUDE_IN_FRAMEWORK_HEADER = YES;
				CLANG_WARN_RANGE_LOOP_ANALYSIS = YES;
				CLANG_WARN_STRICT_PROTOTYPES = YES;
				CLANG_WARN_SUSPICIOUS_MOVE = YES;
				CLANG_WARN_UNGUARDED_AVAILABILITY = YES_AGGRESSIVE;
				CLANG_WARN_UNREACHABLE_CODE = YES;
				CLANG_WARN__DUPLICATE_METHOD_MATCH = YES;
				COPY_PHASE_STRIP = NO;
				DEBUG_INFORMATION_FORMAT = dwarf;
				ENABLE_STRICT_OBJC_MSGSEND = YES;
				ENABLE_TESTABILITY = YES;
				ENABLE_USER_SCRIPT_SANDBOXING = YES;
				GCC_C_LANGUAGE_STANDARD = gnu17;
				GCC_DYNAMIC_NO_PIC = NO;
				GCC_NO_COMMON_BLOCKS = YES;
				GCC_OPTIMIZATION_LEVEL = 0;
				GCC_PREPROCESSOR_DEFINITIONS = (
					"DEBUG=1",
					"$(inherited)",
				);
				GCC_WARN_64_TO_32_BIT_CONVERSION = YES;
				GCC_WARN_ABOUT_RETURN_TYPE = YES_ERROR;
				GCC_WARN_UNDECLARED_SELECTOR = YES;
				GCC_WARN_UNINITIALIZED_AUTOS = YES_AGGRESSIVE;
				GCC_WARN_UNUSED_FUNCTION = YES;
				GCC_WARN_UNUSED_VARIABLE = YES;
				IPHONEOS_DEPLOYMENT_TARGET = 17.5;
				LOCALIZATION_PREFERS_STRING_CATALOGS = YES;
				MTL_ENABLE_DEBUG_INFO = INCLUDE_SOURCE;
				MTL_FAST_MATH = YES;
				ONLY_ACTIVE_ARCH = YES;
				SDKROOT = iphoneos;
				SWIFT_ACTIVE_COMPILATION_CONDITIONS = "DEBUG $(inherited)";
				SWIFT_OPTIMIZATION_LEVEL = "-Onone";
			};
			name = Debug;
		};
		B1C755E52C44B6DB00A41EFC /* Release */ = {
			isa = XCBuildConfiguration;
			buildSettings = {
				ALWAYS_SEARCH_USER_PATHS = NO;
				ASSETCATALOG_COMPILER_GENERATE_SWIFT_ASSET_SYMBOL_EXTENSIONS = YES;
				CLANG_ANALYZER_NONNULL = YES;
				CLANG_ANALYZER_NUMBER_OBJECT_CONVERSION = YES_AGGRESSIVE;
				CLANG_CXX_LANGUAGE_STANDARD = "gnu++20";
				CLANG_ENABLE_MODULES = YES;
				CLANG_ENABLE_OBJC_ARC = YES;
				CLANG_ENABLE_OBJC_WEAK = YES;
				CLANG_WARN_BLOCK_CAPTURE_AUTORELEASING = YES;
				CLANG_WARN_BOOL_CONVERSION = YES;
				CLANG_WARN_COMMA = YES;
				CLANG_WARN_CONSTANT_CONVERSION = YES;
				CLANG_WARN_DEPRECATED_OBJC_IMPLEMENTATIONS = YES;
				CLANG_WARN_DIRECT_OBJC_ISA_USAGE = YES_ERROR;
				CLANG_WARN_DOCUMENTATION_COMMENTS = YES;
				CLANG_WARN_EMPTY_BODY = YES;
				CLANG_WARN_ENUM_CONVERSION = YES;
				CLANG_WARN_INFINITE_RECURSION = YES;
				CLANG_WARN_INT_CONVERSION = YES;
				CLANG_WARN_NON_LITERAL_NULL_CONVERSION = YES;
				CLANG_WARN_OBJC_IMPLICIT_RETAIN_SELF = YES;
				CLANG_WARN_OBJC_LITERAL_CONVERSION = YES;
				CLANG_WARN_OBJC_ROOT_CLASS = YES_ERROR;
				CLANG_WARN_QUOTED_INCLUDE_IN_FRAMEWORK_HEADER = YES;
				CLANG_WARN_RANGE_LOOP_ANALYSIS = YES;
				CLANG_WARN_STRICT_PROTOTYPES = YES;
				CLANG_WARN_SUSPICIOUS_MOVE = YES;
				CLANG_WARN_UNGUARDED_AVAILABILITY = YES_AGGRESSIVE;
				CLANG_WARN_UNREACHABLE_CODE = YES;
				CLANG_WARN__DUPLICATE_METHOD_MATCH = YES;
				COPY_PHASE_STRIP = NO;
				DEBUG_INFORMATION_FORMAT = "dwarf-with-dsym";
				ENABLE_NS_ASSERTIONS = NO;
				ENABLE_STRICT_OBJC_MSGSEND = YES;
				ENABLE_USER_SCRIPT_SANDBOXING = YES;
				GCC_C_LANGUAGE_STANDARD = gnu17;
				GCC_NO_COMMON_BLOCKS = YES;
				GCC_WARN_64_TO_32_BIT_CONVERSION = YES;
				GCC_WARN_ABOUT_RETURN_TYPE = YES_ERROR;
				GCC_WARN_UNDECLARED_SELECTOR = YES;
				GCC_WARN_UNINITIALIZED_AUTOS = YES_AGGRESSIVE;
				GCC_WARN_UNUSED_FUNCTION = YES;
				GCC_WARN_UNUSED_VARIABLE = YES;
				IPHONEOS_DEPLOYMENT_TARGET = 17.5;
				LOCALIZATION_PREFERS_STRING_CATALOGS = YES;
				MTL_ENABLE_DEBUG_INFO = NO;
				MTL_FAST_MATH = YES;
				SDKROOT = iphoneos;
				SWIFT_COMPILATION_MODE = wholemodule;
				VALIDATE_PRODUCT = YES;
			};
			name = Release;
		};
		B1C755E72C44B6DB00A41EFC /* Debug */ = {
			isa = XCBuildConfiguration;
			buildSettings = {
				ASSETCATALOG_COMPILER_APPICON_NAME = AppIcon;
				ASSETCATALOG_COMPILER_GLOBAL_ACCENT_COLOR_NAME = AccentColor;
				CODE_SIGN_STYLE = Automatic;
				CURRENT_PROJECT_VERSION = 1;
				DEVELOPMENT_TEAM = 9Q2ZLM39JN;
				GENERATE_INFOPLIST_FILE = YES;
				INFOPLIST_FILE = WeatherApp/Support/Info.plist;
				INFOPLIST_KEY_CFBundleDisplayName = "날씨";
				INFOPLIST_KEY_UIApplicationSupportsIndirectInputEvents = YES;
				INFOPLIST_KEY_UILaunchStoryboardName = LaunchScreen;
				INFOPLIST_KEY_UIMainStoryboardFile = "";
				INFOPLIST_KEY_UISupportedInterfaceOrientations = UIInterfaceOrientationPortrait;
				INFOPLIST_KEY_UISupportedInterfaceOrientations_iPad = "UIInterfaceOrientationLandscapeLeft UIInterfaceOrientationLandscapeRight UIInterfaceOrientationPortrait UIInterfaceOrientationPortraitUpsideDown";
				INFOPLIST_KEY_UIUserInterfaceStyle = Light;
				IPHONEOS_DEPLOYMENT_TARGET = 16.0;
				LD_RUNPATH_SEARCH_PATHS = (
					"$(inherited)",
					"@executable_path/Frameworks",
				);
				MARKETING_VERSION = 1.0.0;
				PRODUCT_BUNDLE_IDENTIFIER = team.nunu.app.WeatherApp;
				PRODUCT_NAME = "$(TARGET_NAME)";
				SWIFT_EMIT_LOC_STRINGS = YES;
				SWIFT_VERSION = 5.0;
				TARGETED_DEVICE_FAMILY = "1,2";
			};
			name = Debug;
		};
		B1C755E82C44B6DB00A41EFC /* Release */ = {
			isa = XCBuildConfiguration;
			buildSettings = {
				ASSETCATALOG_COMPILER_APPICON_NAME = AppIcon;
				ASSETCATALOG_COMPILER_GLOBAL_ACCENT_COLOR_NAME = AccentColor;
				CODE_SIGN_STYLE = Automatic;
				CURRENT_PROJECT_VERSION = 1;
				DEVELOPMENT_TEAM = 9Q2ZLM39JN;
				GENERATE_INFOPLIST_FILE = YES;
				INFOPLIST_FILE = WeatherApp/Support/Info.plist;
				INFOPLIST_KEY_CFBundleDisplayName = "날씨";
				INFOPLIST_KEY_UIApplicationSupportsIndirectInputEvents = YES;
				INFOPLIST_KEY_UILaunchStoryboardName = LaunchScreen;
				INFOPLIST_KEY_UIMainStoryboardFile = "";
				INFOPLIST_KEY_UISupportedInterfaceOrientations = UIInterfaceOrientationPortrait;
				INFOPLIST_KEY_UISupportedInterfaceOrientations_iPad = "UIInterfaceOrientationLandscapeLeft UIInterfaceOrientationLandscapeRight UIInterfaceOrientationPortrait UIInterfaceOrientationPortraitUpsideDown";
				INFOPLIST_KEY_UIUserInterfaceStyle = Light;
				IPHONEOS_DEPLOYMENT_TARGET = 16.0;
				LD_RUNPATH_SEARCH_PATHS = (
					"$(inherited)",
					"@executable_path/Frameworks",
				);
				MARKETING_VERSION = 1.0.0;
				PRODUCT_BUNDLE_IDENTIFIER = team.nunu.app.WeatherApp;
				PRODUCT_NAME = "$(TARGET_NAME)";
				SWIFT_EMIT_LOC_STRINGS = YES;
				SWIFT_VERSION = 5.0;
				TARGETED_DEVICE_FAMILY = "1,2";
			};
			name = Release;
		};
		B1C755EA2C44B6DB00A41EFC /* Debug */ = {
			isa = XCBuildConfiguration;
			buildSettings = {
				ALWAYS_EMBED_SWIFT_STANDARD_LIBRARIES = YES;
				BUNDLE_LOADER = "$(TEST_HOST)";
				CODE_SIGN_STYLE = Automatic;
				CURRENT_PROJECT_VERSION = 1;
				DEVELOPMENT_TEAM = 9Q2ZLM39JN;
				GENERATE_INFOPLIST_FILE = YES;
				IPHONEOS_DEPLOYMENT_TARGET = 17.5;
				MARKETING_VERSION = 1.0;
				PRODUCT_BUNDLE_IDENTIFIER = team.nunu.app.WeatherAppTests;
				PRODUCT_NAME = "$(TARGET_NAME)";
				SWIFT_EMIT_LOC_STRINGS = NO;
				SWIFT_VERSION = 5.0;
				TARGETED_DEVICE_FAMILY = "1,2";
				TEST_HOST = "$(BUILT_PRODUCTS_DIR)/WeatherApp.app/$(BUNDLE_EXECUTABLE_FOLDER_PATH)/WeatherApp";
			};
			name = Debug;
		};
		B1C755EB2C44B6DB00A41EFC /* Release */ = {
			isa = XCBuildConfiguration;
			buildSettings = {
				ALWAYS_EMBED_SWIFT_STANDARD_LIBRARIES = YES;
				BUNDLE_LOADER = "$(TEST_HOST)";
				CODE_SIGN_STYLE = Automatic;
				CURRENT_PROJECT_VERSION = 1;
				DEVELOPMENT_TEAM = 9Q2ZLM39JN;
				GENERATE_INFOPLIST_FILE = YES;
				IPHONEOS_DEPLOYMENT_TARGET = 17.5;
				MARKETING_VERSION = 1.0;
				PRODUCT_BUNDLE_IDENTIFIER = team.nunu.app.WeatherAppTests;
				PRODUCT_NAME = "$(TARGET_NAME)";
				SWIFT_EMIT_LOC_STRINGS = NO;
				SWIFT_VERSION = 5.0;
				TARGETED_DEVICE_FAMILY = "1,2";
				TEST_HOST = "$(BUILT_PRODUCTS_DIR)/WeatherApp.app/$(BUNDLE_EXECUTABLE_FOLDER_PATH)/WeatherApp";
			};
			name = Release;
		};
		B1C755ED2C44B6DB00A41EFC /* Debug */ = {
			isa = XCBuildConfiguration;
			buildSettings = {
				ALWAYS_EMBED_SWIFT_STANDARD_LIBRARIES = YES;
				CODE_SIGN_STYLE = Automatic;
				CURRENT_PROJECT_VERSION = 1;
				DEVELOPMENT_TEAM = 9Q2ZLM39JN;
				GENERATE_INFOPLIST_FILE = YES;
				MARKETING_VERSION = 1.0;
				PRODUCT_BUNDLE_IDENTIFIER = team.nunu.app.WeatherAppUITests;
				PRODUCT_NAME = "$(TARGET_NAME)";
				SWIFT_EMIT_LOC_STRINGS = NO;
				SWIFT_VERSION = 5.0;
				TARGETED_DEVICE_FAMILY = "1,2";
				TEST_TARGET_NAME = WeatherApp;
			};
			name = Debug;
		};
		B1C755EE2C44B6DB00A41EFC /* Release */ = {
			isa = XCBuildConfiguration;
			buildSettings = {
				ALWAYS_EMBED_SWIFT_STANDARD_LIBRARIES = YES;
				CODE_SIGN_STYLE = Automatic;
				CURRENT_PROJECT_VERSION = 1;
				DEVELOPMENT_TEAM = 9Q2ZLM39JN;
				GENERATE_INFOPLIST_FILE = YES;
				MARKETING_VERSION = 1.0;
				PRODUCT_BUNDLE_IDENTIFIER = team.nunu.app.WeatherAppUITests;
				PRODUCT_NAME = "$(TARGET_NAME)";
				SWIFT_EMIT_LOC_STRINGS = NO;
				SWIFT_VERSION = 5.0;
				TARGETED_DEVICE_FAMILY = "1,2";
				TEST_TARGET_NAME = WeatherApp;
			};
			name = Release;
		};
/* End XCBuildConfiguration section */

/* Begin XCConfigurationList section */
		B1C755B72C44B6DA00A41EFC /* Build configuration list for PBXProject "WeatherApp" */ = {
			isa = XCConfigurationList;
			buildConfigurations = (
				B1C755E42C44B6DB00A41EFC /* Debug */,
				B1C755E52C44B6DB00A41EFC /* Release */,
			);
			defaultConfigurationIsVisible = 0;
			defaultConfigurationName = Release;
		};
		B1C755E62C44B6DB00A41EFC /* Build configuration list for PBXNativeTarget "WeatherApp" */ = {
			isa = XCConfigurationList;
			buildConfigurations = (
				B1C755E72C44B6DB00A41EFC /* Debug */,
				B1C755E82C44B6DB00A41EFC /* Release */,
			);
			defaultConfigurationIsVisible = 0;
			defaultConfigurationName = Release;
		};
		B1C755E92C44B6DB00A41EFC /* Build configuration list for PBXNativeTarget "WeatherAppTests" */ = {
			isa = XCConfigurationList;
			buildConfigurations = (
				B1C755EA2C44B6DB00A41EFC /* Debug */,
				B1C755EB2C44B6DB00A41EFC /* Release */,
			);
			defaultConfigurationIsVisible = 0;
			defaultConfigurationName = Release;
		};
		B1C755EC2C44B6DB00A41EFC /* Build configuration list for PBXNativeTarget "WeatherAppUITests" */ = {
			isa = XCConfigurationList;
			buildConfigurations = (
				B1C755ED2C44B6DB00A41EFC /* Debug */,
				B1C755EE2C44B6DB00A41EFC /* Release */,
			);
			defaultConfigurationIsVisible = 0;
			defaultConfigurationName = Release;
		};
/* End XCConfigurationList section */

/* Begin XCRemoteSwiftPackageReference section */
		B11259282C460EF00073CB4D /* XCRemoteSwiftPackageReference "RxDataSources" */ = {
			isa = XCRemoteSwiftPackageReference;
			repositoryURL = "https://github.com/RxSwiftCommunity/RxDataSources";
			requirement = {
				kind = upToNextMajorVersion;
				minimumVersion = 5.0.2;
			};
		};
		B1C755F82C44B7BE00A41EFC /* XCRemoteSwiftPackageReference "Alamofire" */ = {
			isa = XCRemoteSwiftPackageReference;
			repositoryURL = "https://github.com/Alamofire/Alamofire";
			requirement = {
				kind = upToNextMajorVersion;
				minimumVersion = 5.9.1;
			};
		};
		B1C755FB2C44B7DD00A41EFC /* XCRemoteSwiftPackageReference "SnapKit" */ = {
			isa = XCRemoteSwiftPackageReference;
			repositoryURL = "https://github.com/SnapKit/SnapKit";
			requirement = {
				kind = upToNextMajorVersion;
				minimumVersion = 5.7.1;
			};
		};
		B1C756032C44BB4100A41EFC /* XCRemoteSwiftPackageReference "RxSwift" */ = {
			isa = XCRemoteSwiftPackageReference;
			repositoryURL = "https://github.com/ReactiveX/RxSwift.git";
			requirement = {
				kind = upToNextMajorVersion;
				minimumVersion = 6.7.1;
			};
		};
/* End XCRemoteSwiftPackageReference section */

/* Begin XCSwiftPackageProductDependency section */
		B11259292C460EF00073CB4D /* RxDataSources */ = {
			isa = XCSwiftPackageProductDependency;
			package = B11259282C460EF00073CB4D /* XCRemoteSwiftPackageReference "RxDataSources" */;
			productName = RxDataSources;
		};
		B1C755F92C44B7BE00A41EFC /* Alamofire */ = {
			isa = XCSwiftPackageProductDependency;
			package = B1C755F82C44B7BE00A41EFC /* XCRemoteSwiftPackageReference "Alamofire" */;
			productName = Alamofire;
		};
		B1C755FC2C44B7DD00A41EFC /* SnapKit */ = {
			isa = XCSwiftPackageProductDependency;
			package = B1C755FB2C44B7DD00A41EFC /* XCRemoteSwiftPackageReference "SnapKit" */;
			productName = SnapKit;
		};
		B1C756042C44BB4100A41EFC /* RxCocoa */ = {
			isa = XCSwiftPackageProductDependency;
			package = B1C756032C44BB4100A41EFC /* XCRemoteSwiftPackageReference "RxSwift" */;
			productName = RxCocoa;
		};
		B1C756062C44BB4100A41EFC /* RxRelay */ = {
			isa = XCSwiftPackageProductDependency;
			package = B1C756032C44BB4100A41EFC /* XCRemoteSwiftPackageReference "RxSwift" */;
			productName = RxRelay;
		};
		B1C756082C44BB4100A41EFC /* RxSwift */ = {
			isa = XCSwiftPackageProductDependency;
			package = B1C756032C44BB4100A41EFC /* XCRemoteSwiftPackageReference "RxSwift" */;
			productName = RxSwift;
		};
/* End XCSwiftPackageProductDependency section */
	};
	rootObject = B1C755B42C44B6DA00A41EFC /* Project object */;
}
